
Microsoft Visual Studio Solution File, Format Version 12.00
# Visual Studio Version 16
VisualStudioVersion = 16.0.32413.511
MinimumVisualStudioVersion = 10.0.40219.1
Project("{FAE04EC0-301F-11D3-BF4B-00C04F79EFBC}") = "Reflection_ChangeMoodDynamically", "Reflection_ChangeMoodDynamically\Reflection_ChangeMoodDynamically.csproj", "{D47E21AA-F5C0-40D6-BE42-B59000E14490}"
EndProject
Project("{FAE04EC0-301F-11D3-BF4B-00C04F79EFBC}") = "Reflection_ChangeMoodDynamicallyTests", "Reflection_ChangeMoodDynamicallyTests\Reflection_ChangeMoodDynamicallyTests.csproj", "{37DE89AF-B9E8-4943-88E2-7710995681CA}"
EndProject
Global
	GlobalSection(SolutionConfigurationPlatforms) = preSolution
		Debug|Any CPU = Debug|Any CPU
		Release|Any CPU = Release|Any CPU
	EndGlobalSection
	GlobalSection(ProjectConfigurationPlatforms) = postSolution
		{D47E21AA-F5C0-40D6-BE42-B59000E14490}.Debug|Any CPU.ActiveCfg = Debug|Any CPU
		{D47E21AA-F5C0-40D6-BE42-B59000E14490}.Debug|Any CPU.Build.0 = Debug|Any CPU
		{D47E21AA-F5C0-40D6-BE42-B59000E14490}.Release|Any CPU.ActiveCfg = Release|Any CPU
		{D47E21AA-F5C0-40D6-BE42-B59000E14490}.Release|Any CPU.Build.0 = Release|Any CPU
		{37DE89AF-B9E8-4943-88E2-7710995681CA}.Debug|Any CPU.ActiveCfg = Debug|Any CPU
		{37DE89AF-B9E8-4943-88E2-7710995681CA}.Debug|Any CPU.Build.0 = Debug|Any CPU
		{37DE89AF-B9E8-4943-88E2-7710995681CA}.Release|Any CPU.ActiveCfg = Release|Any CPU
		{37DE89AF-B9E8-4943-88E2-7710995681CA}.Release|Any CPU.Build.0 = Release|Any CPU
	EndGlobalSection
	GlobalSection(SolutionProperties) = preSolution
		HideSolutionNode = FALSE
	EndGlobalSection
	GlobalSection(ExtensibilityGlobals) = postSolution
		SolutionGuid = {6A8EEF47-916E-4256-B660-F0A3CD8C5477}
	EndGlobalSection
EndGlobal
