
Microsoft Visual Studio Solution File, Format Version 12.00
# Visual Studio Version 16
VisualStudioVersion = 16.0.32413.511
MinimumVisualStudioVersion = 10.0.40219.1
Project("{9A19103F-16F7-4668-BE54-9A1E7A4F7556}") = "Exception_Handling", "Exception_Handling\Exception_Handling.csproj", "{A719B07C-975D-472F-9BCD-CBB109AFE7DA}"
EndProject
Project("{FAE04EC0-301F-11D3-BF4B-00C04F79EFBC}") = "Exception_HandlingTests", "Exception_HandlingTests\Exception_HandlingTests.csproj", "{E9F23A44-CCD7-41C1-BE79-A15E04A66557}"
EndProject
Global
	GlobalSection(SolutionConfigurationPlatforms) = preSolution
		Debug|Any CPU = Debug|Any CPU
		Release|Any CPU = Release|Any CPU
	EndGlobalSection
	GlobalSection(ProjectConfigurationPlatforms) = postSolution
		{A719B07C-975D-472F-9BCD-CBB109AFE7DA}.Debug|Any CPU.ActiveCfg = Debug|Any CPU
		{A719B07C-975D-472F-9BCD-CBB109AFE7DA}.Debug|Any CPU.Build.0 = Debug|Any CPU
		{A719B07C-975D-472F-9BCD-CBB109AFE7DA}.Release|Any CPU.ActiveCfg = Release|Any CPU
		{A719B07C-975D-472F-9BCD-CBB109AFE7DA}.Release|Any CPU.Build.0 = Release|Any CPU
		{E9F23A44-CCD7-41C1-BE79-A15E04A66557}.Debug|Any CPU.ActiveCfg = Debug|Any CPU
		{E9F23A44-CCD7-41C1-BE79-A15E04A66557}.Debug|Any CPU.Build.0 = Debug|Any CPU
		{E9F23A44-CCD7-41C1-BE79-A15E04A66557}.Release|Any CPU.ActiveCfg = Release|Any CPU
		{E9F23A44-CCD7-41C1-BE79-A15E04A66557}.Release|Any CPU.Build.0 = Release|Any CPU
	EndGlobalSection
	GlobalSection(SolutionProperties) = preSolution
		HideSolutionNode = FALSE
	EndGlobalSection
	GlobalSection(ExtensibilityGlobals) = postSolution
		SolutionGuid = {121C29BC-DD66-416D-971D-0E89414A47B0}
	EndGlobalSection
EndGlobal
