
Microsoft Visual Studio Solution File, Format Version 12.00
# Visual Studio Version 16
VisualStudioVersion = 16.0.32413.511
MinimumVisualStudioVersion = 10.0.40219.1
Project("{FAE04EC0-301F-11D3-BF4B-00C04F79EFBC}") = "MoodAnalyser", "MoodAnalyser\MoodAnalyser.csproj", "{EE82119A-D8B4-4356-B3EE-197C4B28638C}"
EndProject
Project("{FAE04EC0-301F-11D3-BF4B-00C04F79EFBC}") = "MoodAnalyserTests", "MoodAnalyserTests\MoodAnalyserTests.csproj", "{21521A4F-BA48-485D-8796-85735EADE5E4}"
EndProject
Global
	GlobalSection(SolutionConfigurationPlatforms) = preSolution
		Debug|Any CPU = Debug|Any CPU
		Release|Any CPU = Release|Any CPU
	EndGlobalSection
	GlobalSection(ProjectConfigurationPlatforms) = postSolution
		{EE82119A-D8B4-4356-B3EE-197C4B28638C}.Debug|Any CPU.ActiveCfg = Debug|Any CPU
		{EE82119A-D8B4-4356-B3EE-197C4B28638C}.Debug|Any CPU.Build.0 = Debug|Any CPU
		{EE82119A-D8B4-4356-B3EE-197C4B28638C}.Release|Any CPU.ActiveCfg = Release|Any CPU
		{EE82119A-D8B4-4356-B3EE-197C4B28638C}.Release|Any CPU.Build.0 = Release|Any CPU
		{21521A4F-BA48-485D-8796-85735EADE5E4}.Debug|Any CPU.ActiveCfg = Debug|Any CPU
		{21521A4F-BA48-485D-8796-85735EADE5E4}.Debug|Any CPU.Build.0 = Debug|Any CPU
		{21521A4F-BA48-485D-8796-85735EADE5E4}.Release|Any CPU.ActiveCfg = Release|Any CPU
		{21521A4F-BA48-485D-8796-85735EADE5E4}.Release|Any CPU.Build.0 = Release|Any CPU
	EndGlobalSection
	GlobalSection(SolutionProperties) = preSolution
		HideSolutionNode = FALSE
	EndGlobalSection
	GlobalSection(ExtensibilityGlobals) = postSolution
		SolutionGuid = {ED12016B-2B33-47E2-860C-910FDC98D359}
	EndGlobalSection
EndGlobal
